// !$*UTF8*$!
{
	archiveVersion = 1;
	classes = {
	};
	objectVersion = 50;
	objects = {

/* Begin PBXBuildFile section */
		0C1A11F923E45DC60015A0BD /* AppDelegate.swift in Sources */ = {isa = PBXBuildFile; fileRef = 0C1A11F823E45DC60015A0BD /* AppDelegate.swift */; };
		0C1A11FB23E45DC60015A0BD /* SceneDelegate.swift in Sources */ = {isa = PBXBuildFile; fileRef = 0C1A11FA23E45DC60015A0BD /* SceneDelegate.swift */; };
		0C1A11FD23E45DC60015A0BD /* ViewController.swift in Sources */ = {isa = PBXBuildFile; fileRef = 0C1A11FC23E45DC60015A0BD /* ViewController.swift */; };
		0C1A120023E45DC60015A0BD /* Main.storyboard in Resources */ = {isa = PBXBuildFile; fileRef = 0C1A11FE23E45DC60015A0BD /* Main.storyboard */; };
		0C1A120223E45DCA0015A0BD /* Assets.xcassets in Resources */ = {isa = PBXBuildFile; fileRef = 0C1A120123E45DCA0015A0BD /* Assets.xcassets */; };
		0C1A120523E45DCA0015A0BD /* LaunchScreen.storyboard in Resources */ = {isa = PBXBuildFile; fileRef = 0C1A120323E45DCA0015A0BD /* LaunchScreen.storyboard */; };
		4460FAFB011FF0706658DDCD /* Pods_razorpay_pod_sample.framework in Frameworks */ = {isa = PBXBuildFile; fileRef = 875979EE133F6DAAD581FDAB /* Pods_razorpay_pod_sample.framework */; };
/* End PBXBuildFile section */

/* Begin PBXFileReference section */
		0C1A11F523E45DC60015A0BD /* razorpay-pod-sample.app */ = {isa = PBXFileReference; explicitFileType = wrapper.application; includeInIndex = 0; path = "razorpay-pod-sample.app"; sourceTree = BUILT_PRODUCTS_DIR; };
		0C1A11F823E45DC60015A0BD /* AppDelegate.swift */ = {isa = PBXFileReference; lastKnownFileType = sourcecode.swift; path = AppDelegate.swift; sourceTree = "<group>"; };
		0C1A11FA23E45DC60015A0BD /* SceneDelegate.swift */ = {isa = PBXFileReference; lastKnownFileType = sourcecode.swift; path = SceneDelegate.swift; sourceTree = "<group>"; };
		0C1A11FC23E45DC60015A0BD /* ViewController.swift */ = {isa = PBXFileReference; lastKnownFileType = sourcecode.swift; path = ViewController.swift; sourceTree = "<group>"; };
		0C1A11FF23E45DC60015A0BD /* Base */ = {isa = PBXFileReference; lastKnownFileType = file.storyboard; name = Base; path = Base.lproj/Main.storyboard; sourceTree = "<group>"; };
		0C1A120123E45DCA0015A0BD /* Assets.xcassets */ = {isa = PBXFileReference; lastKnownFileType = folder.assetcatalog; path = Assets.xcassets; sourceTree = "<group>"; };
		0C1A120423E45DCA0015A0BD /* Base */ = {isa = PBXFileReference; lastKnownFileType = file.storyboard; name = Base; path = Base.lproj/LaunchScreen.storyboard; sourceTree = "<group>"; };
		0C1A120623E45DCA0015A0BD /* Info.plist */ = {isa = PBXFileReference; lastKnownFileType = text.plist.xml; path = Info.plist; sourceTree = "<group>"; };
		5FCDD6AF83EAB2404B1B7A75 /* Pods-razorpay-pod-sample.debug.xcconfig */ = {isa = PBXFileReference; includeInIndex = 1; lastKnownFileType = text.xcconfig; name = "Pods-razorpay-pod-sample.debug.xcconfig"; path = "Target Support Files/Pods-razorpay-pod-sample/Pods-razorpay-pod-sample.debug.xcconfig"; sourceTree = "<group>"; };
		875979EE133F6DAAD581FDAB /* Pods_razorpay_pod_sample.framework */ = {isa = PBXFileReference; explicitFileType = wrapper.framework; includeInIndex = 0; path = Pods_razorpay_pod_sample.framework; sourceTree = BUILT_PRODUCTS_DIR; };
		F0F44CE48087C7A4AAF7EC77 /* Pods-razorpay-pod-sample.release.xcconfig */ = {isa = PBXFileReference; includeInIndex = 1; lastKnownFileType = text.xcconfig; name = "Pods-razorpay-pod-sample.release.xcconfig"; path = "Target Support Files/Pods-razorpay-pod-sample/Pods-razorpay-pod-sample.release.xcconfig"; sourceTree = "<group>"; };
/* End PBXFileReference section */

/* Begin PBXFrameworksBuildPhase section */
		0C1A11F223E45DC60015A0BD /* Frameworks */ = {
			isa = PBXFrameworksBuildPhase;
			buildActionMask = 2147483647;
			files = (
				4460FAFB011FF0706658DDCD /* Pods_razorpay_pod_sample.framework in Frameworks */,
			);
			runOnlyForDeploymentPostprocessing = 0;
		};
/* End PBXFrameworksBuildPhase section */

/* Begin PBXGroup section */
		0C1A11EC23E45DC60015A0BD = {
			isa = PBXGroup;
			children = (
				0C1A11F723E45DC60015A0BD /* razorpay-pod-sample */,
				0C1A11F623E45DC60015A0BD /* Products */,
				5DC534F15449FF391C942F70 /* Pods */,
				9152A12135E18DC34C34E887 /* Frameworks */,
			);
			sourceTree = "<group>";
		};
		0C1A11F623E45DC60015A0BD /* Products */ = {
			isa = PBXGroup;
			children = (
				0C1A11F523E45DC60015A0BD /* razorpay-pod-sample.app */,
			);
			name = Products;
			sourceTree = "<group>";
		};
		0C1A11F723E45DC60015A0BD /* razorpay-pod-sample */ = {
			isa = PBXGroup;
			children = (
				0C1A11F823E45DC60015A0BD /* AppDelegate.swift */,
				0C1A11FA23E45DC60015A0BD /* SceneDelegate.swift */,
				0C1A11FC23E45DC60015A0BD /* ViewController.swift */,
				0C1A11FE23E45DC60015A0BD /* Main.storyboard */,
				0C1A120123E45DCA0015A0BD /* Assets.xcassets */,
				0C1A120323E45DCA0015A0BD /* LaunchScreen.storyboard */,
				0C1A120623E45DCA0015A0BD /* Info.plist */,
			);
			path = "razorpay-pod-sample";
			sourceTree = "<group>";
		};
		5DC534F15449FF391C942F70 /* Pods */ = {
			isa = PBXGroup;
			children = (
				5FCDD6AF83EAB2404B1B7A75 /* Pods-razorpay-pod-sample.debug.xcconfig */,
				F0F44CE48087C7A4AAF7EC77 /* Pods-razorpay-pod-sample.release.xcconfig */,
			);
			name = Pods;
			path = Pods;
			sourceTree = "<group>";
		};
		9152A12135E18DC34C34E887 /* Frameworks */ = {
			isa = PBXGroup;
			children = (
				875979EE133F6DAAD581FDAB /* Pods_razorpay_pod_sample.framework */,
			);
			name = Frameworks;
			sourceTree = "<group>";
		};
/* End PBXGroup section */

/* Begin PBXNativeTarget section */
		0C1A11F423E45DC60015A0BD /* razorpay-pod-sample */ = {
			isa = PBXNativeTarget;
			buildConfigurationList = 0C1A120923E45DCA0015A0BD /* Build configuration list for PBXNativeTarget "razorpay-pod-sample" */;
			buildPhases = (
				CB768EDF8F86ECDBC4BA9020 /* [CP] Check Pods Manifest.lock */,
				0C1A11F123E45DC60015A0BD /* Sources */,
				0C1A11F223E45DC60015A0BD /* Frameworks */,
				0C1A11F323E45DC60015A0BD /* Resources */,
				4127CFBCFB6CBCE2C2235F20 /* [CP] Embed Pods Frameworks */,
			);
			buildRules = (
			);
			dependencies = (
			);
			name = "razorpay-pod-sample";
			productName = "razorpay-pod-sample";
			productReference = 0C1A11F523E45DC60015A0BD /* razorpay-pod-sample.app */;
			productType = "com.apple.product-type.application";
		};
/* End PBXNativeTarget section */

/* Begin PBXProject section */
		0C1A11ED23E45DC60015A0BD /* Project object */ = {
			isa = PBXProject;
			attributes = {
				LastSwiftUpdateCheck = 1130;
				LastUpgradeCheck = 1130;
				ORGANIZATIONNAME = Razorpay;
				TargetAttributes = {
					0C1A11F423E45DC60015A0BD = {
						CreatedOnToolsVersion = 11.3;
					};
				};
			};
			buildConfigurationList = 0C1A11F023E45DC60015A0BD /* Build configuration list for PBXProject "razorpay-pod-sample" */;
			compatibilityVersion = "Xcode 9.3";
			developmentRegion = en;
			hasScannedForEncodings = 0;
			knownRegions = (
				en,
				Base,
			);
			mainGroup = 0C1A11EC23E45DC60015A0BD;
			productRefGroup = 0C1A11F623E45DC60015A0BD /* Products */;
			projectDirPath = "";
			projectRoot = "";
			targets = (
				0C1A11F423E45DC60015A0BD /* razorpay-pod-sample */,
			);
		};
/* End PBXProject section */

/* Begin PBXResourcesBuildPhase section */
		0C1A11F323E45DC60015A0BD /* Resources */ = {
			isa = PBXResourcesBuildPhase;
			buildActionMask = 2147483647;
			files = (
				0C1A120523E45DCA0015A0BD /* LaunchScreen.storyboard in Resources */,
				0C1A120223E45DCA0015A0BD /* Assets.xcassets in Resources */,
				0C1A120023E45DC60015A0BD /* Main.storyboard in Resources */,
			);
			runOnlyForDeploymentPostprocessing = 0;
		};
/* End PBXResourcesBuildPhase section */

/* Begin PBXShellScriptBuildPhase section */
		4127CFBCFB6CBCE2C2235F20 /* [CP] Embed Pods Frameworks */ = {
			isa = PBXShellScriptBuildPhase;
			buildActionMask = 2147483647;
			files = (
			);
			inputFileListPaths = (
				"${PODS_ROOT}/Target Support Files/Pods-razorpay-pod-sample/Pods-razorpay-pod-sample-frameworks-${CONFIGURATION}-input-files.xcfilelist",
			);
			name = "[CP] Embed Pods Frameworks";
			outputFileListPaths = (
				"${PODS_ROOT}/Target Support Files/Pods-razorpay-pod-sample/Pods-razorpay-pod-sample-frameworks-${CONFIGURATION}-output-files.xcfilelist",
			);
			runOnlyForDeploymentPostprocessing = 0;
			shellPath = /bin/sh;
			shellScript = "\"${PODS_ROOT}/Target Support Files/Pods-razorpay-pod-sample/Pods-razorpay-pod-sample-frameworks.sh\"\n";
			showEnvVarsInLog = 0;
		};
		CB768EDF8F86ECDBC4BA9020 /* [CP] Check Pods Manifest.lock */ = {
			isa = PBXShellScriptBuildPhase;
			buildActionMask = 2147483647;
			files = (
			);
			inputFileListPaths = (
			);
			inputPaths = (
				"${PODS_PODFILE_DIR_PATH}/Podfile.lock",
				"${PODS_ROOT}/Manifest.lock",
			);
			name = "[CP] Check Pods Manifest.lock";
			outputFileListPaths = (
			);
			outputPaths = (
				"$(DERIVED_FILE_DIR)/Pods-razorpay-pod-sample-checkManifestLockResult.txt",
			);
			runOnlyForDeploymentPostprocessing = 0;
			shellPath = /bin/sh;
			shellScript = "diff \"${PODS_PODFILE_DIR_PATH}/Podfile.lock\" \"${PODS_ROOT}/Manifest.lock\" > /dev/null\nif [ $? != 0 ] ; then\n    # print error to STDERR\n    echo \"error: The sandbox is not in sync with the Podfile.lock. Run 'pod install' or update your CocoaPods installation.\" >&2\n    exit 1\nfi\n# This output is used by Xcode 'outputs' to avoid re-running this script phase.\necho \"SUCCESS\" > \"${SCRIPT_OUTPUT_FILE_0}\"\n";
			showEnvVarsInLog = 0;
		};
/* End PBXShellScriptBuildPhase section */

/* Begin PBXSourcesBuildPhase section */
		0C1A11F123E45DC60015A0BD /* Sources */ = {
			isa = PBXSourcesBuildPhase;
			buildActionMask = 2147483647;
			files = (
				0C1A11FD23E45DC60015A0BD /* ViewController.swift in Sources */,
				0C1A11F923E45DC60015A0BD /* AppDelegate.swift in Sources */,
				0C1A11FB23E45DC60015A0BD /* SceneDelegate.swift in Sources */,
			);
			runOnlyForDeploymentPostprocessing = 0;
		};
/* End PBXSourcesBuildPhase section */

/* Begin PBXVariantGroup section */
		0C1A11FE23E45DC60015A0BD /* Main.storyboard */ = {
			isa = PBXVariantGroup;
			children = (
				0C1A11FF23E45DC60015A0BD /* Base */,
			);
			name = Main.storyboard;
			sourceTree = "<group>";
		};
		0C1A120323E45DCA0015A0BD /* LaunchScreen.storyboard */ = {
			isa = PBXVariantGroup;
			children = (
				0C1A120423E45DCA0015A0BD /* Base */,
			);
			name = LaunchScreen.storyboard;
			sourceTree = "<group>";
		};
/* End PBXVariantGroup section */

/* Begin XCBuildConfiguration section */
		0C1A120723E45DCA0015A0BD /* Debug */ = {
			isa = XCBuildConfiguration;
			buildSettings = {
				ALWAYS_SEARCH_USER_PATHS = NO;
				CLANG_ANALYZER_NONNULL = YES;
				CLANG_ANALYZER_NUMBER_OBJECT_CONVERSION = YES_AGGRESSIVE;
				CLANG_CXX_LANGUAGE_STANDARD = "gnu++14";
				CLANG_CXX_LIBRARY = "libc++";
				CLANG_ENABLE_MODULES = YES;
				CLANG_ENABLE_OBJC_ARC = YES;
				CLANG_ENABLE_OBJC_WEAK = YES;
				CLANG_WARN_BLOCK_CAPTURE_AUTORELEASING = YES;
				CLANG_WARN_BOOL_CONVERSION = YES;
				CLANG_WARN_COMMA = YES;
				CLANG_WARN_CONSTANT_CONVERSION = YES;
				CLANG_WARN_DEPRECATED_OBJC_IMPLEMENTATIONS = YES;
				CLANG_WARN_DIRECT_OBJC_ISA_USAGE = YES_ERROR;
				CLANG_WARN_DOCUMENTATION_COMMENTS = YES;
				CLANG_WARN_EMPTY_BODY = YES;
				CLANG_WARN_ENUM_CONVERSION = YES;
				CLANG_WARN_INFINITE_RECURSION = YES;
				CLANG_WARN_INT_CONVERSION = YES;
				CLANG_WARN_NON_LITERAL_NULL_CONVERSION = YES;
				CLANG_WARN_OBJC_IMPLICIT_RETAIN_SELF = YES;
				CLANG_WARN_OBJC_LITERAL_CONVERSION = YES;
				CLANG_WARN_OBJC_ROOT_CLASS = YES_ERROR;
				CLANG_WARN_RANGE_LOOP_ANALYSIS = YES;
				CLANG_WARN_STRICT_PROTOTYPES = YES;
				CLANG_WARN_SUSPICIOUS_MOVE = YES;
				CLANG_WARN_UNGUARDED_AVAILABILITY = YES_AGGRESSIVE;
				CLANG_WARN_UNREACHABLE_CODE = YES;
				CLANG_WARN__DUPLICATE_METHOD_MATCH = YES;
				COPY_PHASE_STRIP = NO;
				DEBUG_INFORMATION_FORMAT = dwarf;
				ENABLE_STRICT_OBJC_MSGSEND = YES;
				ENABLE_TESTABILITY = YES;
				GCC_C_LANGUAGE_STANDARD = gnu11;
				GCC_DYNAMIC_NO_PIC = NO;
				GCC_NO_COMMON_BLOCKS = YES;
				GCC_OPTIMIZATION_LEVEL = 0;
				GCC_PREPROCESSOR_DEFINITIONS = (
					"DEBUG=1",
					"$(inherited)",
				);
				GCC_WARN_64_TO_32_BIT_CONVERSION = YES;
				GCC_WARN_ABOUT_RETURN_TYPE = YES_ERROR;
				GCC_WARN_UNDECLARED_SELECTOR = YES;
				GCC_WARN_UNINITIALIZED_AUTOS = YES_AGGRESSIVE;
				GCC_WARN_UNUSED_FUNCTION = YES;
				GCC_WARN_UNUSED_VARIABLE = YES;
				IPHONEOS_DEPLOYMENT_TARGET = 13.2;
				MTL_ENABLE_DEBUG_INFO = INCLUDE_SOURCE;
				MTL_FAST_MATH = YES;
				ONLY_ACTIVE_ARCH = YES;
				SDKROOT = iphoneos;
				SWIFT_ACTIVE_COMPILATION_CONDITIONS = DEBUG;
				SWIFT_OPTIMIZATION_LEVEL = "-Onone";
			};
			name = Debug;
		};
		0C1A120823E45DCA0015A0BD /* Release */ = {
			isa = XCBuildConfiguration;
			buildSettings = {
				ALWAYS_SEARCH_USER_PATHS = NO;
				CLANG_ANALYZER_NONNULL = YES;
				CLANG_ANALYZER_NUMBER_OBJECT_CONVERSION = YES_AGGRESSIVE;
				CLANG_CXX_LANGUAGE_STANDARD = "gnu++14";
				CLANG_CXX_LIBRARY = "libc++";
				CLANG_ENABLE_MODULES = YES;
				CLANG_ENABLE_OBJC_ARC = YES;
				CLANG_ENABLE_OBJC_WEAK = YES;
				CLANG_WARN_BLOCK_CAPTURE_AUTORELEASING = YES;
				CLANG_WARN_BOOL_CONVERSION = YES;
				CLANG_WARN_COMMA = YES;
				CLANG_WARN_CONSTANT_CONVERSION = YES;
				CLANG_WARN_DEPRECATED_OBJC_IMPLEMENTATIONS = YES;
				CLANG_WARN_DIRECT_OBJC_ISA_USAGE = YES_ERROR;
				CLANG_WARN_DOCUMENTATION_COMMENTS = YES;
				CLANG_WARN_EMPTY_BODY = YES;
				CLANG_WARN_ENUM_CONVERSION = YES;
				CLANG_WARN_INFINITE_RECURSION = YES;
				CLANG_WARN_INT_CONVERSION = YES;
				CLANG_WARN_NON_LITERAL_NULL_CONVERSION = YES;
				CLANG_WARN_OBJC_IMPLICIT_RETAIN_SELF = YES;
				CLANG_WARN_OBJC_LITERAL_CONVERSION = YES;
				CLANG_WARN_OBJC_ROOT_CLASS = YES_ERROR;
				CLANG_WARN_RANGE_LOOP_ANALYSIS = YES;
				CLANG_WARN_STRICT_PROTOTYPES = YES;
				CLANG_WARN_SUSPICIOUS_MOVE = YES;
				CLANG_WARN_UNGUARDED_AVAILABILITY = YES_AGGRESSIVE;
				CLANG_WARN_UNREACHABLE_CODE = YES;
				CLANG_WARN__DUPLICATE_METHOD_MATCH = YES;
				COPY_PHASE_STRIP = NO;
				DEBUG_INFORMATION_FORMAT = "dwarf-with-dsym";
				ENABLE_NS_ASSERTIONS = NO;
				ENABLE_STRICT_OBJC_MSGSEND = YES;
				GCC_C_LANGUAGE_STANDARD = gnu11;
				GCC_NO_COMMON_BLOCKS = YES;
				GCC_WARN_64_TO_32_BIT_CONVERSION = YES;
				GCC_WARN_ABOUT_RETURN_TYPE = YES_ERROR;
				GCC_WARN_UNDECLARED_SELECTOR = YES;
				GCC_WARN_UNINITIALIZED_AUTOS = YES_AGGRESSIVE;
				GCC_WARN_UNUSED_FUNCTION = YES;
				GCC_WARN_UNUSED_VARIABLE = YES;
				IPHONEOS_DEPLOYMENT_TARGET = 13.2;
				MTL_ENABLE_DEBUG_INFO = NO;
				MTL_FAST_MATH = YES;
				SDKROOT = iphoneos;
				SWIFT_COMPILATION_MODE = wholemodule;
				SWIFT_OPTIMIZATION_LEVEL = "-O";
				VALIDATE_PRODUCT = YES;
			};
			name = Release;
		};
		0C1A120A23E45DCA0015A0BD /* Debug */ = {
			isa = XCBuildConfiguration;
			baseConfigurationReference = 5FCDD6AF83EAB2404B1B7A75 /* Pods-razorpay-pod-sample.debug.xcconfig */;
			buildSettings = {
				ASSETCATALOG_COMPILER_APPICON_NAME = AppIcon;
				CODE_SIGN_STYLE = Automatic;
				INFOPLIST_FILE = "razorpay-pod-sample/Info.plist";
				LD_RUNPATH_SEARCH_PATHS = (
					"$(inherited)",
					"@executable_path/Frameworks",
				);
				PRODUCT_BUNDLE_IDENTIFIER = "com.razorpay.razorpay-pod-sample";
				PRODUCT_NAME = "$(TARGET_NAME)";
				SWIFT_VERSION = 5.0;
				TARGETED_DEVICE_FAMILY = "1,2";
			};
			name = Debug;
		};
		0C1A120B23E45DCA0015A0BD /* Release */ = {
			isa = XCBuildConfiguration;
			baseConfigurationReference = F0F44CE48087C7A4AAF7EC77 /* Pods-razorpay-pod-sample.release.xcconfig */;
			buildSettings = {
				ASSETCATALOG_COMPILER_APPICON_NAME = AppIcon;
				CODE_SIGN_STYLE = Automatic;
				INFOPLIST_FILE = "razorpay-pod-sample/Info.plist";
				LD_RUNPATH_SEARCH_PATHS = (
					"$(inherited)",
					"@executable_path/Frameworks",
				);
				PRODUCT_BUNDLE_IDENTIFIER = "com.razorpay.razorpay-pod-sample";
				PRODUCT_NAME = "$(TARGET_NAME)";
				SWIFT_VERSION = 5.0;
				TARGETED_DEVICE_FAMILY = "1,2";
			};
			name = Release;
		};
/* End XCBuildConfiguration section */

/* Begin XCConfigurationList section */
		0C1A11F023E45DC60015A0BD /* Build configuration list for PBXProject "razorpay-pod-sample" */ = {
			isa = XCConfigurationList;
			buildConfigurations = (
				0C1A120723E45DCA0015A0BD /* Debug */,
				0C1A120823E45DCA0015A0BD /* Release */,
			);
			defaultConfigurationIsVisible = 0;
			defaultConfigurationName = Release;
		};
		0C1A120923E45DCA0015A0BD /* Build configuration list for PBXNativeTarget "razorpay-pod-sample" */ = {
			isa = XCConfigurationList;
			buildConfigurations = (
				0C1A120A23E45DCA0015A0BD /* Debug */,
				0C1A120B23E45DCA0015A0BD /* Release */,
			);
			defaultConfigurationIsVisible = 0;
			defaultConfigurationName = Release;
		};
/* End XCConfigurationList section */
	};
	rootObject = 0C1A11ED23E45DC60015A0BD /* Project object */;
}
